
Microsoft Visual Studio Solution File, Format Version 12.00
# Visual Studio 15
VisualStudioVersion = 15.0.28010.2026
MinimumVisualStudioVersion = 10.0.40219.1
Project("{FAE04EC0-301F-11D3-BF4B-00C04F79EFBC}") = "RestauranteApi", "RestauranteApi\RestauranteApi.csproj", "{CCAA44A3-4C81-4EA5-80CC-01D03F34E880}"
EndProject
Global
	GlobalSection(SolutionConfigurationPlatforms) = preSolution
		Debug|Any CPU = Debug|Any CPU
		Release|Any CPU = Release|Any CPU
	EndGlobalSection
	GlobalSection(ProjectConfigurationPlatforms) = postSolution
		{CCAA44A3-4C81-4EA5-80CC-01D03F34E880}.Debug|Any CPU.ActiveCfg = Debug|Any CPU
		{CCAA44A3-4C81-4EA5-80CC-01D03F34E880}.Debug|Any CPU.Build.0 = Debug|Any CPU
		{CCAA44A3-4C81-4EA5-80CC-01D03F34E880}.Release|Any CPU.ActiveCfg = Release|Any CPU
		{CCAA44A3-4C81-4EA5-80CC-01D03F34E880}.Release|Any CPU.Build.0 = Release|Any CPU
	EndGlobalSection
	GlobalSection(SolutionProperties) = preSolution
		HideSolutionNode = FALSE
	EndGlobalSection
	GlobalSection(ExtensibilityGlobals) = postSolution
		SolutionGuid = {DBAC1638-9503-4DDB-990A-D640E92AA7C6}
	EndGlobalSection
EndGlobal
